
Microsoft Visual Studio Solution File, Format Version 12.00
# Visual Studio Version 16
VisualStudioVersion = 16.0.29102.190
MinimumVisualStudioVersion = 10.0.40219.1
Project("{9A19103F-16F7-4668-BE54-9A1E7A4F7556}") = "TodoList.Console", "TodoList.Console\TodoList.Console.csproj", "{5B7AE815-1FA3-4B4C-AF71-20D1C066C243}"
EndProject
Project("{9A19103F-16F7-4668-BE54-9A1E7A4F7556}") = "TodoList.DAL.UnitTests", "TodoList.DAL.UnitTests\TodoList.DAL.UnitTests.csproj", "{A13725D1-7A8E-494F-B32D-752BF178B357}"
EndProject
Project("{FAE04EC0-301F-11D3-BF4B-00C04F79EFBC}") = "TodoList.Shared", "TodoList.Shared\TodoList.Shared.csproj", "{2F73569D-CE30-4086-86B6-5C4E6B4FE6C6}"
EndProject
Project("{FAE04EC0-301F-11D3-BF4B-00C04F79EFBC}") = "TodoList.Api", "TodoList.Api\TodoList.Api.csproj", "{F9B2752B-0FD4-4F7F-ADEE-9AD4336DF715}"
EndProject
Project("{FAE04EC0-301F-11D3-BF4B-00C04F79EFBC}") = "TodoList.Data", "TodoList.Data\TodoList.Data.csproj", "{17971744-C2BA-4F60-9120-E99E79769E57}"
EndProject
Project("{FAE04EC0-301F-11D3-BF4B-00C04F79EFBC}") = "TodoList.Web", "TodoList.Web\TodoList.Web.csproj", "{1BCDBD43-F9F7-4249-96C9-D0B2742F2A14}"
EndProject

Global
	GlobalSection(SolutionConfigurationPlatforms) = preSolution
		Debug|Any CPU = Debug|Any CPU
		Release|Any CPU = Release|Any CPU
	EndGlobalSection
	GlobalSection(ProjectConfigurationPlatforms) = postSolution
		{5B7AE815-1FA3-4B4C-AF71-20D1C066C243}.Debug|Any CPU.ActiveCfg = Debug|Any CPU
		{5B7AE815-1FA3-4B4C-AF71-20D1C066C243}.Debug|Any CPU.Build.0 = Debug|Any CPU
		{5B7AE815-1FA3-4B4C-AF71-20D1C066C243}.Release|Any CPU.ActiveCfg = Release|Any CPU
		{5B7AE815-1FA3-4B4C-AF71-20D1C066C243}.Release|Any CPU.Build.0 = Release|Any CPU
		{A13725D1-7A8E-494F-B32D-752BF178B357}.Debug|Any CPU.ActiveCfg = Debug|Any CPU
		{A13725D1-7A8E-494F-B32D-752BF178B357}.Debug|Any CPU.Build.0 = Debug|Any CPU
		{A13725D1-7A8E-494F-B32D-752BF178B357}.Release|Any CPU.ActiveCfg = Release|Any CPU
		{A13725D1-7A8E-494F-B32D-752BF178B357}.Release|Any CPU.Build.0 = Release|Any CPU
		{2F73569D-CE30-4086-86B6-5C4E6B4FE6C6}.Debug|Any CPU.ActiveCfg = Debug|Any CPU
		{2F73569D-CE30-4086-86B6-5C4E6B4FE6C6}.Debug|Any CPU.Build.0 = Debug|Any CPU
		{2F73569D-CE30-4086-86B6-5C4E6B4FE6C6}.Release|Any CPU.ActiveCfg = Release|Any CPU
		{2F73569D-CE30-4086-86B6-5C4E6B4FE6C6}.Release|Any CPU.Build.0 = Release|Any CPU
		{F9B2752B-0FD4-4F7F-ADEE-9AD4336DF715}.Debug|Any CPU.ActiveCfg = Debug|Any CPU
		{F9B2752B-0FD4-4F7F-ADEE-9AD4336DF715}.Debug|Any CPU.Build.0 = Debug|Any CPU
		{F9B2752B-0FD4-4F7F-ADEE-9AD4336DF715}.Release|Any CPU.ActiveCfg = Release|Any CPU
		{F9B2752B-0FD4-4F7F-ADEE-9AD4336DF715}.Release|Any CPU.Build.0 = Release|Any CPU
		{F9B2752B-0FD4-4F7F-ADEE-9AD4336DF715}.Debug|Any CPU.Deploy.0 = Debug|Any CPU
		{17971744-C2BA-4F60-9120-E99E79769E57}.Debug|Any CPU.ActiveCfg = Debug|Any CPU
		{17971744-C2BA-4F60-9120-E99E79769E57}.Debug|Any CPU.Build.0 = Debug|Any CPU
		{17971744-C2BA-4F60-9120-E99E79769E57}.Release|Any CPU.ActiveCfg = Release|Any CPU
		{17971744-C2BA-4F60-9120-E99E79769E57}.Release|Any CPU.Build.0 = Release|Any CPU
		{1BCDBD43-F9F7-4249-96C9-D0B2742F2A14}.Debug|Any CPU.ActiveCfg = Debug|Any CPU
		{1BCDBD43-F9F7-4249-96C9-D0B2742F2A14}.Debug|Any CPU.Build.0 = Debug|Any CPU
		{1BCDBD43-F9F7-4249-96C9-D0B2742F2A14}.Release|Any CPU.ActiveCfg = Release|Any CPU
		{1BCDBD43-F9F7-4249-96C9-D0B2742F2A14}.Release|Any CPU.Build.0 = Release|Any CPU
	EndGlobalSection
	GlobalSection(SolutionProperties) = preSolution
		HideSolutionNode = FALSE
	EndGlobalSection
	GlobalSection(ExtensibilityGlobals) = postSolution
		SolutionGuid = {69AB13C6-79A9-41E5-AD5B-91C0D5A3B9A4}
	EndGlobalSection
EndGlobal
